// !$*UTF8*$!
{
	archiveVersion = 1;
	classes = {
	};
	objectVersion = 46;
	objects = {

/* Begin PBXBuildFile section */
		3BF741001CC926A8008F60C0 /* AppDelegate.swift in Sources */ = {isa = PBXBuildFile; fileRef = 3BF740FF1CC926A8008F60C0 /* AppDelegate.swift */; };
		3BF741021CC926A8008F60C0 /* ViewController.swift in Sources */ = {isa = PBXBuildFile; fileRef = 3BF741011CC926A8008F60C0 /* ViewController.swift */; };
		3BF741051CC926A8008F60C0 /* Main.storyboard in Resources */ = {isa = PBXBuildFile; fileRef = 3BF741031CC926A8008F60C0 /* Main.storyboard */; };
		3BF741071CC926A8008F60C0 /* Assets.xcassets in Resources */ = {isa = PBXBuildFile; fileRef = 3BF741061CC926A8008F60C0 /* Assets.xcassets */; };
		3BF7410A1CC926A8008F60C0 /* LaunchScreen.storyboard in Resources */ = {isa = PBXBuildFile; fileRef = 3BF741081CC926A8008F60C0 /* LaunchScreen.storyboard */; };
		3BF741171CC92B6A008F60C0 /* Heart.png in Resources */ = {isa = PBXBuildFile; fileRef = 3BF741161CC92B6A008F60C0 /* Heart.png */; };
/* End PBXBuildFile section */

/* Begin PBXContainerItemProxy section */
		3BF741221CC95F58008F60C0 /* PBXContainerItemProxy */ = {
			isa = PBXContainerItemProxy;
			containerPortal = 3BF741181CC95F58008F60C0 /* Alamofire.xcodeproj */;
			proxyType = 2;
			remoteGlobalIDString = F8111E3319A95C8B0040E7D1;
			remoteInfo = "Alamofire iOS";
		};
		3BF741241CC95F58008F60C0 /* PBXContainerItemProxy */ = {
			isa = PBXContainerItemProxy;
			containerPortal = 3BF741181CC95F58008F60C0 /* Alamofire.xcodeproj */;
			proxyType = 2;
			remoteGlobalIDString = F8111E3E19A95C8B0040E7D1;
			remoteInfo = "Alamofire iOS Tests";
		};
		3BF741261CC95F58008F60C0 /* PBXContainerItemProxy */ = {
			isa = PBXContainerItemProxy;
			containerPortal = 3BF741181CC95F58008F60C0 /* Alamofire.xcodeproj */;
			proxyType = 2;
			remoteGlobalIDString = 4DD67C0B1A5C55C900ED2280;
			remoteInfo = "Alamofire OSX";
		};
		3BF741281CC95F58008F60C0 /* PBXContainerItemProxy */ = {
			isa = PBXContainerItemProxy;
			containerPortal = 3BF741181CC95F58008F60C0 /* Alamofire.xcodeproj */;
			proxyType = 2;
			remoteGlobalIDString = F829C6B21A7A94F100A2CD59;
			remoteInfo = "Alamofire OSX Tests";
		};
		3BF7412A1CC95F58008F60C0 /* PBXContainerItemProxy */ = {
			isa = PBXContainerItemProxy;
			containerPortal = 3BF741181CC95F58008F60C0 /* Alamofire.xcodeproj */;
			proxyType = 2;
			remoteGlobalIDString = 4CF626EF1BA7CB3E0011A099;
			remoteInfo = "Alamofire tvOS";
		};
		3BF7412C1CC95F58008F60C0 /* PBXContainerItemProxy */ = {
			isa = PBXContainerItemProxy;
			containerPortal = 3BF741181CC95F58008F60C0 /* Alamofire.xcodeproj */;
			proxyType = 2;
			remoteGlobalIDString = 4CF626F81BA7CB3E0011A099;
			remoteInfo = "Alamofire tvOS Tests";
		};
		3BF7412E1CC95F58008F60C0 /* PBXContainerItemProxy */ = {
			isa = PBXContainerItemProxy;
			containerPortal = 3BF741181CC95F58008F60C0 /* Alamofire.xcodeproj */;
			proxyType = 2;
			remoteGlobalIDString = E4202FE01B667AA100C997FB;
			remoteInfo = "Alamofire watchOS";
		};
		3BF741301CC95F6A008F60C0 /* PBXContainerItemProxy */ = {
			isa = PBXContainerItemProxy;
			containerPortal = 3BF741181CC95F58008F60C0 /* Alamofire.xcodeproj */;
			proxyType = 1;
			remoteGlobalIDString = F8111E3219A95C8B0040E7D1;
			remoteInfo = "Alamofire iOS";
		};
/* End PBXContainerItemProxy section */

/* Begin PBXFileReference section */
		3BF740FC1CC926A8008F60C0 /* ButterflyEffect.app */ = {isa = PBXFileReference; explicitFileType = wrapper.application; includeInIndex = 0; path = ButterflyEffect.app; sourceTree = BUILT_PRODUCTS_DIR; };
		3BF740FF1CC926A8008F60C0 /* AppDelegate.swift */ = {isa = PBXFileReference; lastKnownFileType = sourcecode.swift; path = AppDelegate.swift; sourceTree = "<group>"; };
		3BF741011CC926A8008F60C0 /* ViewController.swift */ = {isa = PBXFileReference; lastKnownFileType = sourcecode.swift; path = ViewController.swift; sourceTree = "<group>"; };
		3BF741041CC926A8008F60C0 /* Base */ = {isa = PBXFileReference; lastKnownFileType = file.storyboard; name = Base; path = Base.lproj/Main.storyboard; sourceTree = "<group>"; };
		3BF741061CC926A8008F60C0 /* Assets.xcassets */ = {isa = PBXFileReference; lastKnownFileType = folder.assetcatalog; path = Assets.xcassets; sourceTree = "<group>"; };
		3BF741091CC926A8008F60C0 /* Base */ = {isa = PBXFileReference; lastKnownFileType = file.storyboard; name = Base; path = Base.lproj/LaunchScreen.storyboard; sourceTree = "<group>"; };
		3BF7410B1CC926A8008F60C0 /* Info.plist */ = {isa = PBXFileReference; lastKnownFileType = text.plist.xml; path = Info.plist; sourceTree = "<group>"; };
		3BF741161CC92B6A008F60C0 /* Heart.png */ = {isa = PBXFileReference; lastKnownFileType = image.png; path = Heart.png; sourceTree = "<group>"; };
		3BF741181CC95F58008F60C0 /* Alamofire.xcodeproj */ = {isa = PBXFileReference; lastKnownFileType = "wrapper.pb-project"; name = Alamofire.xcodeproj; path = Alamofire/Alamofire.xcodeproj; sourceTree = "<group>"; };
/* End PBXFileReference section */

/* Begin PBXFrameworksBuildPhase section */
		3BF740F91CC926A8008F60C0 /* Frameworks */ = {
			isa = PBXFrameworksBuildPhase;
			buildActionMask = 2147483647;
			files = (
			);
			runOnlyForDeploymentPostprocessing = 0;
		};
/* End PBXFrameworksBuildPhase section */

/* Begin PBXGroup section */
		3BF740F31CC926A8008F60C0 = {
			isa = PBXGroup;
			children = (
				3BF741181CC95F58008F60C0 /* Alamofire.xcodeproj */,
				3BF741111CC92830008F60C0 /* images */,
				3BF740FE1CC926A8008F60C0 /* ButterflyEffect */,
				3BF740FD1CC926A8008F60C0 /* Products */,
			);
			sourceTree = "<group>";
		};
		3BF740FD1CC926A8008F60C0 /* Products */ = {
			isa = PBXGroup;
			children = (
				3BF740FC1CC926A8008F60C0 /* ButterflyEffect.app */,
			);
			name = Products;
			sourceTree = "<group>";
		};
		3BF740FE1CC926A8008F60C0 /* ButterflyEffect */ = {
			isa = PBXGroup;
			children = (
				3BF740FF1CC926A8008F60C0 /* AppDelegate.swift */,
				3BF741011CC926A8008F60C0 /* ViewController.swift */,
				3BF741031CC926A8008F60C0 /* Main.storyboard */,
				3BF741061CC926A8008F60C0 /* Assets.xcassets */,
				3BF741081CC926A8008F60C0 /* LaunchScreen.storyboard */,
				3BF7410B1CC926A8008F60C0 /* Info.plist */,
			);
			path = ButterflyEffect;
			sourceTree = "<group>";
		};
		3BF741111CC92830008F60C0 /* images */ = {
			isa = PBXGroup;
			children = (
				3BF741161CC92B6A008F60C0 /* Heart.png */,
			);
			path = images;
			sourceTree = "<group>";
		};
		3BF741191CC95F58008F60C0 /* Products */ = {
			isa = PBXGroup;
			children = (
				3BF741231CC95F58008F60C0 /* Alamofire.framework */,
				3BF741251CC95F58008F60C0 /* Alamofire iOS Tests.xctest */,
				3BF741271CC95F58008F60C0 /* Alamofire.framework */,
				3BF741291CC95F58008F60C0 /* Alamofire OSX Tests.xctest */,
				3BF7412B1CC95F58008F60C0 /* Alamofire.framework */,
				3BF7412D1CC95F58008F60C0 /* Alamofire tvOS Tests.xctest */,
				3BF7412F1CC95F58008F60C0 /* Alamofire.framework */,
			);
			name = Products;
			sourceTree = "<group>";
		};
/* End PBXGroup section */

/* Begin PBXNativeTarget section */
		3BF740FB1CC926A8008F60C0 /* ButterflyEffect */ = {
			isa = PBXNativeTarget;
			buildConfigurationList = 3BF7410E1CC926A8008F60C0 /* Build configuration list for PBXNativeTarget "ButterflyEffect" */;
			buildPhases = (
				3BF740F81CC926A8008F60C0 /* Sources */,
				3BF740F91CC926A8008F60C0 /* Frameworks */,
				3BF740FA1CC926A8008F60C0 /* Resources */,
			);
			buildRules = (
			);
			dependencies = (
				3BF741311CC95F6A008F60C0 /* PBXTargetDependency */,
			);
			name = ButterflyEffect;
			productName = ButterflyEffect;
			productReference = 3BF740FC1CC926A8008F60C0 /* ButterflyEffect.app */;
			productType = "com.apple.product-type.application";
		};
/* End PBXNativeTarget section */

/* Begin PBXProject section */
		3BF740F41CC926A8008F60C0 /* Project object */ = {
			isa = PBXProject;
			attributes = {
				LastSwiftUpdateCheck = 0730;
				LastUpgradeCheck = 0730;
				ORGANIZATIONNAME = Comusicart;
				TargetAttributes = {
					3BF740FB1CC926A8008F60C0 = {
						CreatedOnToolsVersion = 7.3;
						DevelopmentTeam = E6Q9L6PMRM;
					};
				};
			};
			buildConfigurationList = 3BF740F71CC926A8008F60C0 /* Build configuration list for PBXProject "ButterflyEffect" */;
			compatibilityVersion = "Xcode 3.2";
			developmentRegion = English;
			hasScannedForEncodings = 0;
			knownRegions = (
				en,
				Base,
			);
			mainGroup = 3BF740F31CC926A8008F60C0;
			productRefGroup = 3BF740FD1CC926A8008F60C0 /* Products */;
			projectDirPath = "";
			projectReferences = (
				{
					ProductGroup = 3BF741191CC95F58008F60C0 /* Products */;
					ProjectRef = 3BF741181CC95F58008F60C0 /* Alamofire.xcodeproj */;
				},
			);
			projectRoot = "";
			targets = (
				3BF740FB1CC926A8008F60C0 /* ButterflyEffect */,
			);
		};
/* End PBXProject section */

/* Begin PBXReferenceProxy section */
		3BF741231CC95F58008F60C0 /* Alamofire.framework */ = {
			isa = PBXReferenceProxy;
			fileType = wrapper.framework;
			path = Alamofire.framework;
			remoteRef = 3BF741221CC95F58008F60C0 /* PBXContainerItemProxy */;
			sourceTree = BUILT_PRODUCTS_DIR;
		};
		3BF741251CC95F58008F60C0 /* Alamofire iOS Tests.xctest */ = {
			isa = PBXReferenceProxy;
			fileType = wrapper.cfbundle;
			path = "Alamofire iOS Tests.xctest";
			remoteRef = 3BF741241CC95F58008F60C0 /* PBXContainerItemProxy */;
			sourceTree = BUILT_PRODUCTS_DIR;
		};
		3BF741271CC95F58008F60C0 /* Alamofire.framework */ = {
			isa = PBXReferenceProxy;
			fileType = wrapper.framework;
			path = Alamofire.framework;
			remoteRef = 3BF741261CC95F58008F60C0 /* PBXContainerItemProxy */;
			sourceTree = BUILT_PRODUCTS_DIR;
		};
		3BF741291CC95F58008F60C0 /* Alamofire OSX Tests.xctest */ = {
			isa = PBXReferenceProxy;
			fileType = wrapper.cfbundle;
			path = "Alamofire OSX Tests.xctest";
			remoteRef = 3BF741281CC95F58008F60C0 /* PBXContainerItemProxy */;
			sourceTree = BUILT_PRODUCTS_DIR;
		};
		3BF7412B1CC95F58008F60C0 /* Alamofire.framework */ = {
			isa = PBXReferenceProxy;
			fileType = wrapper.framework;
			path = Alamofire.framework;
			remoteRef = 3BF7412A1CC95F58008F60C0 /* PBXContainerItemProxy */;
			sourceTree = BUILT_PRODUCTS_DIR;
		};
		3BF7412D1CC95F58008F60C0 /* Alamofire tvOS Tests.xctest */ = {
			isa = PBXReferenceProxy;
			fileType = wrapper.cfbundle;
			path = "Alamofire tvOS Tests.xctest";
			remoteRef = 3BF7412C1CC95F58008F60C0 /* PBXContainerItemProxy */;
			sourceTree = BUILT_PRODUCTS_DIR;
		};
		3BF7412F1CC95F58008F60C0 /* Alamofire.framework */ = {
			isa = PBXReferenceProxy;
			fileType = wrapper.framework;
			path = Alamofire.framework;
			remoteRef = 3BF7412E1CC95F58008F60C0 /* PBXContainerItemProxy */;
			sourceTree = BUILT_PRODUCTS_DIR;
		};
/* End PBXReferenceProxy section */

/* Begin PBXResourcesBuildPhase section */
		3BF740FA1CC926A8008F60C0 /* Resources */ = {
			isa = PBXResourcesBuildPhase;
			buildActionMask = 2147483647;
			files = (
				3BF741171CC92B6A008F60C0 /* Heart.png in Resources */,
				3BF7410A1CC926A8008F60C0 /* LaunchScreen.storyboard in Resources */,
				3BF741071CC926A8008F60C0 /* Assets.xcassets in Resources */,
				3BF741051CC926A8008F60C0 /* Main.storyboard in Resources */,
			);
			runOnlyForDeploymentPostprocessing = 0;
		};
/* End PBXResourcesBuildPhase section */

/* Begin PBXSourcesBuildPhase section */
		3BF740F81CC926A8008F60C0 /* Sources */ = {
			isa = PBXSourcesBuildPhase;
			buildActionMask = 2147483647;
			files = (
				3BF741021CC926A8008F60C0 /* ViewController.swift in Sources */,
				3BF741001CC926A8008F60C0 /* AppDelegate.swift in Sources */,
			);
			runOnlyForDeploymentPostprocessing = 0;
		};
/* End PBXSourcesBuildPhase section */

/* Begin PBXTargetDependency section */
		3BF741311CC95F6A008F60C0 /* PBXTargetDependency */ = {
			isa = PBXTargetDependency;
			name = "Alamofire iOS";
			targetProxy = 3BF741301CC95F6A008F60C0 /* PBXContainerItemProxy */;
		};
/* End PBXTargetDependency section */

/* Begin PBXVariantGroup section */
		3BF741031CC926A8008F60C0 /* Main.storyboard */ = {
			isa = PBXVariantGroup;
			children = (
				3BF741041CC926A8008F60C0 /* Base */,
			);
			name = Main.storyboard;
			sourceTree = "<group>";
		};
		3BF741081CC926A8008F60C0 /* LaunchScreen.storyboard */ = {
			isa = PBXVariantGroup;
			children = (
				3BF741091CC926A8008F60C0 /* Base */,
			);
			name = LaunchScreen.storyboard;
			sourceTree = "<group>";
		};
/* End PBXVariantGroup section */

/* Begin XCBuildConfiguration section */
		3BF7410C1CC926A8008F60C0 /* Debug */ = {
			isa = XCBuildConfiguration;
			buildSettings = {
				ALWAYS_SEARCH_USER_PATHS = NO;
				CLANG_ANALYZER_NONNULL = YES;
				CLANG_CXX_LANGUAGE_STANDARD = "gnu++0x";
				CLANG_CXX_LIBRARY = "libc++";
				CLANG_ENABLE_MODULES = YES;
				CLANG_ENABLE_OBJC_ARC = YES;
				CLANG_WARN_BOOL_CONVERSION = YES;
				CLANG_WARN_CONSTANT_CONVERSION = YES;
				CLANG_WARN_DIRECT_OBJC_ISA_USAGE = YES_ERROR;
				CLANG_WARN_EMPTY_BODY = YES;
				CLANG_WARN_ENUM_CONVERSION = YES;
				CLANG_WARN_INT_CONVERSION = YES;
				CLANG_WARN_OBJC_ROOT_CLASS = YES_ERROR;
				CLANG_WARN_UNREACHABLE_CODE = YES;
				CLANG_WARN__DUPLICATE_METHOD_MATCH = YES;
				"CODE_SIGN_IDENTITY[sdk=iphoneos*]" = "iPhone Developer";
				COPY_PHASE_STRIP = NO;
				DEBUG_INFORMATION_FORMAT = dwarf;
				ENABLE_STRICT_OBJC_MSGSEND = YES;
				ENABLE_TESTABILITY = YES;
				GCC_C_LANGUAGE_STANDARD = gnu99;
				GCC_DYNAMIC_NO_PIC = NO;
				GCC_NO_COMMON_BLOCKS = YES;
				GCC_OPTIMIZATION_LEVEL = 0;
				GCC_PREPROCESSOR_DEFINITIONS = (
					"DEBUG=1",
					"$(inherited)",
				);
				GCC_WARN_64_TO_32_BIT_CONVERSION = YES;
				GCC_WARN_ABOUT_RETURN_TYPE = YES_ERROR;
				GCC_WARN_UNDECLARED_SELECTOR = YES;
				GCC_WARN_UNINITIALIZED_AUTOS = YES_AGGRESSIVE;
				GCC_WARN_UNUSED_FUNCTION = YES;
				GCC_WARN_UNUSED_VARIABLE = YES;
				IPHONEOS_DEPLOYMENT_TARGET = 9.3;
				MTL_ENABLE_DEBUG_INFO = YES;
				ONLY_ACTIVE_ARCH = YES;
				SDKROOT = iphoneos;
				SWIFT_OPTIMIZATION_LEVEL = "-Onone";
				TARGETED_DEVICE_FAMILY = "1,2";
			};
			name = Debug;
		};
		3BF7410D1CC926A8008F60C0 /* Release */ = {
			isa = XCBuildConfiguration;
			buildSettings = {
				ALWAYS_SEARCH_USER_PATHS = NO;
				CLANG_ANALYZER_NONNULL = YES;
				CLANG_CXX_LANGUAGE_STANDARD = "gnu++0x";
				CLANG_CXX_LIBRARY = "libc++";
				CLANG_ENABLE_MODULES = YES;
				CLANG_ENABLE_OBJC_ARC = YES;
				CLANG_WARN_BOOL_CONVERSION = YES;
				CLANG_WARN_CONSTANT_CONVERSION = YES;
				CLANG_WARN_DIRECT_OBJC_ISA_USAGE = YES_ERROR;
				CLANG_WARN_EMPTY_BODY = YES;
				CLANG_WARN_ENUM_CONVERSION = YES;
				CLANG_WARN_INT_CONVERSION = YES;
				CLANG_WARN_OBJC_ROOT_CLASS = YES_ERROR;
				CLANG_WARN_UNREACHABLE_CODE = YES;
				CLANG_WARN__DUPLICATE_METHOD_MATCH = YES;
				"CODE_SIGN_IDENTITY[sdk=iphoneos*]" = "iPhone Developer";
				COPY_PHASE_STRIP = NO;
				DEBUG_INFORMATION_FORMAT = "dwarf-with-dsym";
				ENABLE_NS_ASSERTIONS = NO;
				ENABLE_STRICT_OBJC_MSGSEND = YES;
				GCC_C_LANGUAGE_STANDARD = gnu99;
				GCC_NO_COMMON_BLOCKS = YES;
				GCC_WARN_64_TO_32_BIT_CONVERSION = YES;
				GCC_WARN_ABOUT_RETURN_TYPE = YES_ERROR;
				GCC_WARN_UNDECLARED_SELECTOR = YES;
				GCC_WARN_UNINITIALIZED_AUTOS = YES_AGGRESSIVE;
				GCC_WARN_UNUSED_FUNCTION = YES;
				GCC_WARN_UNUSED_VARIABLE = YES;
				IPHONEOS_DEPLOYMENT_TARGET = 9.3;
				MTL_ENABLE_DEBUG_INFO = NO;
				SDKROOT = iphoneos;
				TARGETED_DEVICE_FAMILY = "1,2";
				VALIDATE_PRODUCT = YES;
			};
			name = Release;
		};
		3BF7410F1CC926A8008F60C0 /* Debug */ = {
			isa = XCBuildConfiguration;
			buildSettings = {
				ASSETCATALOG_COMPILER_APPICON_NAME = AppIcon;
				INFOPLIST_FILE = ButterflyEffect/Info.plist;
				IPHONEOS_DEPLOYMENT_TARGET = 9.3;
				LD_RUNPATH_SEARCH_PATHS = "$(inherited) @executable_path/Frameworks";
				PRODUCT_BUNDLE_IDENTIFIER = kr.ac.knu.comusicart.ButterflyEffect;
				PRODUCT_NAME = "$(TARGET_NAME)";
			};
			name = Debug;
		};
		3BF741101CC926A8008F60C0 /* Release */ = {
			isa = XCBuildConfiguration;
			buildSettings = {
				ASSETCATALOG_COMPILER_APPICON_NAME = AppIcon;
				INFOPLIST_FILE = ButterflyEffect/Info.plist;
				IPHONEOS_DEPLOYMENT_TARGET = 9.3;
				LD_RUNPATH_SEARCH_PATHS = "$(inherited) @executable_path/Frameworks";
				PRODUCT_BUNDLE_IDENTIFIER = kr.ac.knu.comusicart.ButterflyEffect;
				PRODUCT_NAME = "$(TARGET_NAME)";
			};
			name = Release;
		};
/* End XCBuildConfiguration section */

/* Begin XCConfigurationList section */
		3BF740F71CC926A8008F60C0 /* Build configuration list for PBXProject "ButterflyEffect" */ = {
			isa = XCConfigurationList;
			buildConfigurations = (
				3BF7410C1CC926A8008F60C0 /* Debug */,
				3BF7410D1CC926A8008F60C0 /* Release */,
			);
			defaultConfigurationIsVisible = 0;
			defaultConfigurationName = Release;
		};
		3BF7410E1CC926A8008F60C0 /* Build configuration list for PBXNativeTarget "ButterflyEffect" */ = {
			isa = XCConfigurationList;
			buildConfigurations = (
				3BF7410F1CC926A8008F60C0 /* Debug */,
				3BF741101CC926A8008F60C0 /* Release */,
			);
			defaultConfigurationIsVisible = 0;
			defaultConfigurationName = Release;
		};
/* End XCConfigurationList section */
	};
	rootObject = 3BF740F41CC926A8008F60C0 /* Project object */;
}
